<?xml version="1.0" encoding="UTF-8" standalone="yes" ?>
<CodeBlocks_project_file>
	<FileVersion major="1" minor="6" />
	<Project>
		<Option title="lzhamdecomp" />
		<Option pch_mode="2" />
		<Option compiler="gcc" />
		<Build>
			<Target title="Debug x86">
				<Option output="liblzhamdecomp_x86D" prefix_auto="1" extension_auto="1" />
				<Option working_dir="" />
				<Option object_output="obj/Debug_x86/" />
				<Option type="2" />
				<Option compiler="gcc" />
				<Option createDefFile="1" />
				<Compiler>
					<Add option="-Wall" />
					<Add option="-g" />
					<Add option="-D_DEBUG" />
					<Add directory="../include" />
				</Compiler>
			</Target>
			<Target title="Release x86">
				<Option output="liblzhamdecomp_x86" prefix_auto="1" extension_auto="1" />
				<Option working_dir="" />
				<Option object_output="obj/Release_x86/" />
				<Option type="2" />
				<Option compiler="gcc" />
				<Option createDefFile="1" />
				<Compiler>
					<Add option="-march=core2" />
					<Add option="-fomit-frame-pointer" />
					<Add option="-fexpensive-optimizations" />
					<Add option="-O3" />
					<Add option="-Wall" />
					<Add option="-DNDEBUG" />
					<Add directory="../include" />
				</Compiler>
				<Linker>
					<Add option="-s" />
				</Linker>
			</Target>
		</Build>
		<Compiler>
			<Add option="-g" />
			<Add option="-Wno-unused-value" />
			<Add option="-Wno-unused" />
			<Add directory="../include" />
		</Compiler>
		<Unit filename="../include/lzham.h" />
		<Unit filename="../include/lzham_exports.inc" />
		<Unit filename="lzham_assert.cpp" />
		<Unit filename="lzham_assert.h" />
		<Unit filename="lzham_checksum.cpp" />
		<Unit filename="lzham_checksum.h" />
		<Unit filename="lzham_config.h" />
		<Unit filename="lzham_core.h" />
		<Unit filename="lzham_decomp.h" />
		<Unit filename="lzham_helpers.h" />
		<Unit filename="lzham_huffman_codes.cpp" />
		<Unit filename="lzham_huffman_codes.h" />
		<Unit filename="lzham_lzdecomp.cpp" />
		<Unit filename="lzham_lzdecompbase.cpp" />
		<Unit filename="lzham_lzdecompbase.h" />
		<Unit filename="lzham_math.h" />
		<Unit filename="lzham_mem.cpp" />
		<Unit filename="lzham_mem.h" />
		<Unit filename="lzham_platform.cpp" />
		<Unit filename="lzham_platform.h" />
		<Unit filename="lzham_polar_codes.cpp" />
		<Unit filename="lzham_polar_codes.h" />
		<Unit filename="lzham_prefix_coding.cpp" />
		<Unit filename="lzham_prefix_coding.h" />
		<Unit filename="lzham_symbol_codec.cpp" />
		<Unit filename="lzham_symbol_codec.h" />
		<Unit filename="lzham_timer.cpp" />
		<Unit filename="lzham_timer.h" />
		<Unit filename="lzham_traits.h" />
		<Unit filename="lzham_types.h" />
		<Unit filename="lzham_utils.h" />
		<Unit filename="lzham_vector.cpp" />
		<Unit filename="lzham_vector.h" />
		<Extensions>
			<code_completion />
			<debugger />
			<envvars />
		</Extensions>
	</Project>
</CodeBlocks_project_file>
